// !$*UTF8*$!
{
	archiveVersion = 1;
	classes = {
	};
	objectVersion = 56;
	objects = {

/* Begin PBXBuildFile section */
		C53DDBC728F42D2F00C3C035 /* Animal_africaApp.swift in Sources */ = {isa = PBXBuildFile; fileRef = C53DDBC628F42D2F00C3C035 /* Animal_africaApp.swift */; };
		C53DDBC928F42D2F00C3C035 /* ContentView.swift in Sources */ = {isa = PBXBuildFile; fileRef = C53DDBC828F42D2F00C3C035 /* ContentView.swift */; };
		C53DDBCB28F42D3000C3C035 /* Assets.xcassets in Resources */ = {isa = PBXBuildFile; fileRef = C53DDBCA28F42D3000C3C035 /* Assets.xcassets */; };
		C53DDBCE28F42D3000C3C035 /* Preview Assets.xcassets in Resources */ = {isa = PBXBuildFile; fileRef = C53DDBCD28F42D3000C3C035 /* Preview Assets.xcassets */; };
		C53DDBDF28F430BF00C3C035 /* zebra.mp4 in Resources */ = {isa = PBXBuildFile; fileRef = C53DDBD528F430BC00C3C035 /* zebra.mp4 */; };
		C53DDBE028F430BF00C3C035 /* giraffe.mp4 in Resources */ = {isa = PBXBuildFile; fileRef = C53DDBD628F430BC00C3C035 /* giraffe.mp4 */; };
		C53DDBE128F430BF00C3C035 /* hippo.mp4 in Resources */ = {isa = PBXBuildFile; fileRef = C53DDBD728F430BD00C3C035 /* hippo.mp4 */; };
		C53DDBE228F430BF00C3C035 /* gorilla.mp4 in Resources */ = {isa = PBXBuildFile; fileRef = C53DDBD828F430BD00C3C035 /* gorilla.mp4 */; };
		C53DDBE328F430BF00C3C035 /* ostrich.mp4 in Resources */ = {isa = PBXBuildFile; fileRef = C53DDBD928F430BD00C3C035 /* ostrich.mp4 */; };
		C53DDBE428F430BF00C3C035 /* cheetah.mp4 in Resources */ = {isa = PBXBuildFile; fileRef = C53DDBDA28F430BE00C3C035 /* cheetah.mp4 */; };
		C53DDBE528F430BF00C3C035 /* lion.mp4 in Resources */ = {isa = PBXBuildFile; fileRef = C53DDBDB28F430BE00C3C035 /* lion.mp4 */; };
		C53DDBE628F430BF00C3C035 /* lioness.mp4 in Resources */ = {isa = PBXBuildFile; fileRef = C53DDBDC28F430BE00C3C035 /* lioness.mp4 */; };
		C53DDBE728F430BF00C3C035 /* elephant.mp4 in Resources */ = {isa = PBXBuildFile; fileRef = C53DDBDD28F430BF00C3C035 /* elephant.mp4 */; };
		C53DDBE828F430BF00C3C035 /* rhino.mp4 in Resources */ = {isa = PBXBuildFile; fileRef = C53DDBDE28F430BF00C3C035 /* rhino.mp4 */; };
		C53DDBEE28F4313A00C3C035 /* animals.json in Resources */ = {isa = PBXBuildFile; fileRef = C53DDBEA28F4313A00C3C035 /* animals.json */; };
		C53DDBEF28F4313A00C3C035 /* locations.json in Resources */ = {isa = PBXBuildFile; fileRef = C53DDBEB28F4313A00C3C035 /* locations.json */; };
		C53DDBF028F4313A00C3C035 /* covers.json in Resources */ = {isa = PBXBuildFile; fileRef = C53DDBEC28F4313A00C3C035 /* covers.json */; };
		C53DDBF128F4313A00C3C035 /* videos.json in Resources */ = {isa = PBXBuildFile; fileRef = C53DDBED28F4313A00C3C035 /* videos.json */; };
		C53DDBF728F435B200C3C035 /* VideoListView.swift in Sources */ = {isa = PBXBuildFile; fileRef = C53DDBF628F435B200C3C035 /* VideoListView.swift */; };
		C53DDBF928F4361C00C3C035 /* MapView.swift in Sources */ = {isa = PBXBuildFile; fileRef = C53DDBF828F4361C00C3C035 /* MapView.swift */; };
		C53DDBFB28F4365C00C3C035 /* GalleryView.swift in Sources */ = {isa = PBXBuildFile; fileRef = C53DDBFA28F4365C00C3C035 /* GalleryView.swift */; };
		C53DDBFD28F4367000C3C035 /* MainView.swift in Sources */ = {isa = PBXBuildFile; fileRef = C53DDBFC28F4367000C3C035 /* MainView.swift */; };
		C53DDC0028F43B2A00C3C035 /* CoverImageView.swift in Sources */ = {isa = PBXBuildFile; fileRef = C53DDBFF28F43B2A00C3C035 /* CoverImageView.swift */; };
		C53DDC0628F43F1F00C3C035 /* CoverImageModel.swift in Sources */ = {isa = PBXBuildFile; fileRef = C53DDC0528F43F1F00C3C035 /* CoverImageModel.swift */; };
		C53DDC0928F4405500C3C035 /* CodableBundleExtension.swift in Sources */ = {isa = PBXBuildFile; fileRef = C53DDC0828F4405500C3C035 /* CodableBundleExtension.swift */; };
		C53DDC0B28F541DB00C3C035 /* AnimalListItemView.swift in Sources */ = {isa = PBXBuildFile; fileRef = C53DDC0A28F541DB00C3C035 /* AnimalListItemView.swift */; };
		C5D06D76295387B7002A2A49 /* AnimalModel.swift in Sources */ = {isa = PBXBuildFile; fileRef = C5D06D75295387B7002A2A49 /* AnimalModel.swift */; };
/* End PBXBuildFile section */

/* Begin PBXFileReference section */
		C53DDBC328F42D2F00C3C035 /* Animal-africa.app */ = {isa = PBXFileReference; explicitFileType = wrapper.application; includeInIndex = 0; path = "Animal-africa.app"; sourceTree = BUILT_PRODUCTS_DIR; };
		C53DDBC628F42D2F00C3C035 /* Animal_africaApp.swift */ = {isa = PBXFileReference; lastKnownFileType = sourcecode.swift; path = Animal_africaApp.swift; sourceTree = "<group>"; };
		C53DDBC828F42D2F00C3C035 /* ContentView.swift */ = {isa = PBXFileReference; lastKnownFileType = sourcecode.swift; path = ContentView.swift; sourceTree = "<group>"; };
		C53DDBCA28F42D3000C3C035 /* Assets.xcassets */ = {isa = PBXFileReference; lastKnownFileType = folder.assetcatalog; path = Assets.xcassets; sourceTree = "<group>"; };
		C53DDBCD28F42D3000C3C035 /* Preview Assets.xcassets */ = {isa = PBXFileReference; lastKnownFileType = folder.assetcatalog; path = "Preview Assets.xcassets"; sourceTree = "<group>"; };
		C53DDBD528F430BC00C3C035 /* zebra.mp4 */ = {isa = PBXFileReference; lastKnownFileType = file; path = zebra.mp4; sourceTree = "<group>"; };
		C53DDBD628F430BC00C3C035 /* giraffe.mp4 */ = {isa = PBXFileReference; lastKnownFileType = file; path = giraffe.mp4; sourceTree = "<group>"; };
		C53DDBD728F430BD00C3C035 /* hippo.mp4 */ = {isa = PBXFileReference; lastKnownFileType = file; path = hippo.mp4; sourceTree = "<group>"; };
		C53DDBD828F430BD00C3C035 /* gorilla.mp4 */ = {isa = PBXFileReference; lastKnownFileType = file; path = gorilla.mp4; sourceTree = "<group>"; };
		C53DDBD928F430BD00C3C035 /* ostrich.mp4 */ = {isa = PBXFileReference; lastKnownFileType = file; path = ostrich.mp4; sourceTree = "<group>"; };
		C53DDBDA28F430BE00C3C035 /* cheetah.mp4 */ = {isa = PBXFileReference; lastKnownFileType = file; path = cheetah.mp4; sourceTree = "<group>"; };
		C53DDBDB28F430BE00C3C035 /* lion.mp4 */ = {isa = PBXFileReference; lastKnownFileType = file; path = lion.mp4; sourceTree = "<group>"; };
		C53DDBDC28F430BE00C3C035 /* lioness.mp4 */ = {isa = PBXFileReference; lastKnownFileType = file; path = lioness.mp4; sourceTree = "<group>"; };
		C53DDBDD28F430BF00C3C035 /* elephant.mp4 */ = {isa = PBXFileReference; lastKnownFileType = file; path = elephant.mp4; sourceTree = "<group>"; };
		C53DDBDE28F430BF00C3C035 /* rhino.mp4 */ = {isa = PBXFileReference; lastKnownFileType = file; path = rhino.mp4; sourceTree = "<group>"; };
		C53DDBEA28F4313A00C3C035 /* animals.json */ = {isa = PBXFileReference; fileEncoding = 4; lastKnownFileType = text.json; path = animals.json; sourceTree = "<group>"; };
		C53DDBEB28F4313A00C3C035 /* locations.json */ = {isa = PBXFileReference; fileEncoding = 4; lastKnownFileType = text.json; path = locations.json; sourceTree = "<group>"; };
		C53DDBEC28F4313A00C3C035 /* covers.json */ = {isa = PBXFileReference; fileEncoding = 4; lastKnownFileType = text.json; path = covers.json; sourceTree = "<group>"; };
		C53DDBED28F4313A00C3C035 /* videos.json */ = {isa = PBXFileReference; fileEncoding = 4; lastKnownFileType = text.json; path = videos.json; sourceTree = "<group>"; };
		C53DDBF228F4342500C3C035 /* Info.plist */ = {isa = PBXFileReference; lastKnownFileType = text.plist; path = Info.plist; sourceTree = "<group>"; };
		C53DDBF628F435B200C3C035 /* VideoListView.swift */ = {isa = PBXFileReference; lastKnownFileType = sourcecode.swift; path = VideoListView.swift; sourceTree = "<group>"; };
		C53DDBF828F4361C00C3C035 /* MapView.swift */ = {isa = PBXFileReference; lastKnownFileType = sourcecode.swift; path = MapView.swift; sourceTree = "<group>"; };
		C53DDBFA28F4365C00C3C035 /* GalleryView.swift */ = {isa = PBXFileReference; lastKnownFileType = sourcecode.swift; path = GalleryView.swift; sourceTree = "<group>"; };
		C53DDBFC28F4367000C3C035 /* MainView.swift */ = {isa = PBXFileReference; lastKnownFileType = sourcecode.swift; path = MainView.swift; sourceTree = "<group>"; };
		C53DDBFF28F43B2A00C3C035 /* CoverImageView.swift */ = {isa = PBXFileReference; lastKnownFileType = sourcecode.swift; path = CoverImageView.swift; sourceTree = "<group>"; };
		C53DDC0528F43F1F00C3C035 /* CoverImageModel.swift */ = {isa = PBXFileReference; lastKnownFileType = sourcecode.swift; path = CoverImageModel.swift; sourceTree = "<group>"; };
		C53DDC0828F4405500C3C035 /* CodableBundleExtension.swift */ = {isa = PBXFileReference; lastKnownFileType = sourcecode.swift; path = CodableBundleExtension.swift; sourceTree = "<group>"; };
		C53DDC0A28F541DB00C3C035 /* AnimalListItemView.swift */ = {isa = PBXFileReference; lastKnownFileType = sourcecode.swift; path = AnimalListItemView.swift; sourceTree = "<group>"; };
		C5D06D75295387B7002A2A49 /* AnimalModel.swift */ = {isa = PBXFileReference; lastKnownFileType = sourcecode.swift; path = AnimalModel.swift; sourceTree = "<group>"; };
/* End PBXFileReference section */

/* Begin PBXFrameworksBuildPhase section */
		C53DDBC028F42D2F00C3C035 /* Frameworks */ = {
			isa = PBXFrameworksBuildPhase;
			buildActionMask = 2147483647;
			files = (
			);
			runOnlyForDeploymentPostprocessing = 0;
		};
/* End PBXFrameworksBuildPhase section */

/* Begin PBXGroup section */
		C53DDBBA28F42D2F00C3C035 = {
			isa = PBXGroup;
			children = (
				C53DDBC528F42D2F00C3C035 /* Animal-africa */,
				C53DDBC428F42D2F00C3C035 /* Products */,
			);
			sourceTree = "<group>";
		};
		C53DDBC428F42D2F00C3C035 /* Products */ = {
			isa = PBXGroup;
			children = (
				C53DDBC328F42D2F00C3C035 /* Animal-africa.app */,
			);
			name = Products;
			sourceTree = "<group>";
		};
		C53DDBC528F42D2F00C3C035 /* Animal-africa */ = {
			isa = PBXGroup;
			children = (
				C53DDC0728F4401A00C3C035 /* Extensions */,
				C53DDC0128F43EBC00C3C035 /* Model */,
				C53DDBFE28F43B1100C3C035 /* View */,
				C53DDBF228F4342500C3C035 /* Info.plist */,
				C53DDBE928F4312800C3C035 /* Data */,
				C53DDBD428F4308F00C3C035 /* Video */,
				C53DDBF328F4354500C3C035 /* App */,
				C53DDBCA28F42D3000C3C035 /* Assets.xcassets */,
				C53DDBCC28F42D3000C3C035 /* Preview Content */,
			);
			path = "Animal-africa";
			sourceTree = "<group>";
		};
		C53DDBCC28F42D3000C3C035 /* Preview Content */ = {
			isa = PBXGroup;
			children = (
				C53DDBCD28F42D3000C3C035 /* Preview Assets.xcassets */,
			);
			path = "Preview Content";
			sourceTree = "<group>";
		};
		C53DDBD428F4308F00C3C035 /* Video */ = {
			isa = PBXGroup;
			children = (
				C53DDBDA28F430BE00C3C035 /* cheetah.mp4 */,
				C53DDBDD28F430BF00C3C035 /* elephant.mp4 */,
				C53DDBD628F430BC00C3C035 /* giraffe.mp4 */,
				C53DDBD828F430BD00C3C035 /* gorilla.mp4 */,
				C53DDBD728F430BD00C3C035 /* hippo.mp4 */,
				C53DDBDB28F430BE00C3C035 /* lion.mp4 */,
				C53DDBDC28F430BE00C3C035 /* lioness.mp4 */,
				C53DDBD928F430BD00C3C035 /* ostrich.mp4 */,
				C53DDBDE28F430BF00C3C035 /* rhino.mp4 */,
				C53DDBD528F430BC00C3C035 /* zebra.mp4 */,
			);
			path = Video;
			sourceTree = "<group>";
		};
		C53DDBE928F4312800C3C035 /* Data */ = {
			isa = PBXGroup;
			children = (
				C53DDBEA28F4313A00C3C035 /* animals.json */,
				C53DDBEC28F4313A00C3C035 /* covers.json */,
				C53DDBEB28F4313A00C3C035 /* locations.json */,
				C53DDBED28F4313A00C3C035 /* videos.json */,
			);
			path = Data;
			sourceTree = "<group>";
		};
		C53DDBF328F4354500C3C035 /* App */ = {
			isa = PBXGroup;
			children = (
				C53DDBC628F42D2F00C3C035 /* Animal_africaApp.swift */,
				C53DDBC828F42D2F00C3C035 /* ContentView.swift */,
				C53DDBF628F435B200C3C035 /* VideoListView.swift */,
				C53DDBF828F4361C00C3C035 /* MapView.swift */,
				C53DDBFA28F4365C00C3C035 /* GalleryView.swift */,
				C53DDBFC28F4367000C3C035 /* MainView.swift */,
			);
			path = App;
			sourceTree = "<group>";
		};
		C53DDBFE28F43B1100C3C035 /* View */ = {
			isa = PBXGroup;
			children = (
				C53DDBFF28F43B2A00C3C035 /* CoverImageView.swift */,
				C53DDC0A28F541DB00C3C035 /* AnimalListItemView.swift */,
			);
			path = View;
			sourceTree = "<group>";
		};
		C53DDC0128F43EBC00C3C035 /* Model */ = {
			isa = PBXGroup;
			children = (
				C53DDC0528F43F1F00C3C035 /* CoverImageModel.swift */,
				C5D06D75295387B7002A2A49 /* AnimalModel.swift */,
			);
			path = Model;
			sourceTree = "<group>";
		};
		C53DDC0728F4401A00C3C035 /* Extensions */ = {
			isa = PBXGroup;
			children = (
				C53DDC0828F4405500C3C035 /* CodableBundleExtension.swift */,
			);
			path = Extensions;
			sourceTree = "<group>";
		};
/* End PBXGroup section */

/* Begin PBXNativeTarget section */
		C53DDBC228F42D2F00C3C035 /* Animal-africa */ = {
			isa = PBXNativeTarget;
			buildConfigurationList = C53DDBD128F42D3000C3C035 /* Build configuration list for PBXNativeTarget "Animal-africa" */;
			buildPhases = (
				C53DDBBF28F42D2F00C3C035 /* Sources */,
				C53DDBC028F42D2F00C3C035 /* Frameworks */,
				C53DDBC128F42D2F00C3C035 /* Resources */,
			);
			buildRules = (
			);
			dependencies = (
			);
			name = "Animal-africa";
			productName = "Animal-africa";
			productReference = C53DDBC328F42D2F00C3C035 /* Animal-africa.app */;
			productType = "com.apple.product-type.application";
		};
/* End PBXNativeTarget section */

/* Begin PBXProject section */
		C53DDBBB28F42D2F00C3C035 /* Project object */ = {
			isa = PBXProject;
			attributes = {
				BuildIndependentTargetsInParallel = 1;
				LastSwiftUpdateCheck = 1400;
				LastUpgradeCheck = 1400;
				TargetAttributes = {
					C53DDBC228F42D2F00C3C035 = {
						CreatedOnToolsVersion = 14.0.1;
					};
				};
			};
			buildConfigurationList = C53DDBBE28F42D2F00C3C035 /* Build configuration list for PBXProject "Animal-africa" */;
			compatibilityVersion = "Xcode 14.0";
			developmentRegion = en;
			hasScannedForEncodings = 0;
			knownRegions = (
				en,
				Base,
			);
			mainGroup = C53DDBBA28F42D2F00C3C035;
			productRefGroup = C53DDBC428F42D2F00C3C035 /* Products */;
			projectDirPath = "";
			projectRoot = "";
			targets = (
				C53DDBC228F42D2F00C3C035 /* Animal-africa */,
			);
		};
/* End PBXProject section */

/* Begin PBXResourcesBuildPhase section */
		C53DDBC128F42D2F00C3C035 /* Resources */ = {
			isa = PBXResourcesBuildPhase;
			buildActionMask = 2147483647;
			files = (
				C53DDBEF28F4313A00C3C035 /* locations.json in Resources */,
				C53DDBE828F430BF00C3C035 /* rhino.mp4 in Resources */,
				C53DDBE128F430BF00C3C035 /* hippo.mp4 in Resources */,
				C53DDBE328F430BF00C3C035 /* ostrich.mp4 in Resources */,
				C53DDBCE28F42D3000C3C035 /* Preview Assets.xcassets in Resources */,
				C53DDBDF28F430BF00C3C035 /* zebra.mp4 in Resources */,
				C53DDBE428F430BF00C3C035 /* cheetah.mp4 in Resources */,
				C53DDBE028F430BF00C3C035 /* giraffe.mp4 in Resources */,
				C53DDBEE28F4313A00C3C035 /* animals.json in Resources */,
				C53DDBE228F430BF00C3C035 /* gorilla.mp4 in Resources */,
				C53DDBF028F4313A00C3C035 /* covers.json in Resources */,
				C53DDBE628F430BF00C3C035 /* lioness.mp4 in Resources */,
				C53DDBE528F430BF00C3C035 /* lion.mp4 in Resources */,
				C53DDBF128F4313A00C3C035 /* videos.json in Resources */,
				C53DDBCB28F42D3000C3C035 /* Assets.xcassets in Resources */,
				C53DDBE728F430BF00C3C035 /* elephant.mp4 in Resources */,
			);
			runOnlyForDeploymentPostprocessing = 0;
		};
/* End PBXResourcesBuildPhase section */

/* Begin PBXSourcesBuildPhase section */
		C53DDBBF28F42D2F00C3C035 /* Sources */ = {
			isa = PBXSourcesBuildPhase;
			buildActionMask = 2147483647;
			files = (
				C53DDBC928F42D2F00C3C035 /* ContentView.swift in Sources */,
				C53DDC0B28F541DB00C3C035 /* AnimalListItemView.swift in Sources */,
				C53DDBFD28F4367000C3C035 /* MainView.swift in Sources */,
				C53DDC0028F43B2A00C3C035 /* CoverImageView.swift in Sources */,
				C53DDC0628F43F1F00C3C035 /* CoverImageModel.swift in Sources */,
				C5D06D76295387B7002A2A49 /* AnimalModel.swift in Sources */,
				C53DDBF928F4361C00C3C035 /* MapView.swift in Sources */,
				C53DDBC728F42D2F00C3C035 /* Animal_africaApp.swift in Sources */,
				C53DDBF728F435B200C3C035 /* VideoListView.swift in Sources */,
				C53DDBFB28F4365C00C3C035 /* GalleryView.swift in Sources */,
				C53DDC0928F4405500C3C035 /* CodableBundleExtension.swift in Sources */,
			);
			runOnlyForDeploymentPostprocessing = 0;
		};
/* End PBXSourcesBuildPhase section */

/* Begin XCBuildConfiguration section */
		C53DDBCF28F42D3000C3C035 /* Debug */ = {
			isa = XCBuildConfiguration;
			buildSettings = {
				ALWAYS_SEARCH_USER_PATHS = NO;
				CLANG_ANALYZER_NONNULL = YES;
				CLANG_ANALYZER_NUMBER_OBJECT_CONVERSION = YES_AGGRESSIVE;
				CLANG_CXX_LANGUAGE_STANDARD = "gnu++20";
				CLANG_ENABLE_MODULES = YES;
				CLANG_ENABLE_OBJC_ARC = YES;
				CLANG_ENABLE_OBJC_WEAK = YES;
				CLANG_WARN_BLOCK_CAPTURE_AUTORELEASING = YES;
				CLANG_WARN_BOOL_CONVERSION = YES;
				CLANG_WARN_COMMA = YES;
				CLANG_WARN_CONSTANT_CONVERSION = YES;
				CLANG_WARN_DEPRECATED_OBJC_IMPLEMENTATIONS = YES;
				CLANG_WARN_DIRECT_OBJC_ISA_USAGE = YES_ERROR;
				CLANG_WARN_DOCUMENTATION_COMMENTS = YES;
				CLANG_WARN_EMPTY_BODY = YES;
				CLANG_WARN_ENUM_CONVERSION = YES;
				CLANG_WARN_INFINITE_RECURSION = YES;
				CLANG_WARN_INT_CONVERSION = YES;
				CLANG_WARN_NON_LITERAL_NULL_CONVERSION = YES;
				CLANG_WARN_OBJC_IMPLICIT_RETAIN_SELF = YES;
				CLANG_WARN_OBJC_LITERAL_CONVERSION = YES;
				CLANG_WARN_OBJC_ROOT_CLASS = YES_ERROR;
				CLANG_WARN_QUOTED_INCLUDE_IN_FRAMEWORK_HEADER = YES;
				CLANG_WARN_RANGE_LOOP_ANALYSIS = YES;
				CLANG_WARN_STRICT_PROTOTYPES = YES;
				CLANG_WARN_SUSPICIOUS_MOVE = YES;
				CLANG_WARN_UNGUARDED_AVAILABILITY = YES_AGGRESSIVE;
				CLANG_WARN_UNREACHABLE_CODE = YES;
				CLANG_WARN__DUPLICATE_METHOD_MATCH = YES;
				COPY_PHASE_STRIP = NO;
				DEBUG_INFORMATION_FORMAT = dwarf;
				ENABLE_STRICT_OBJC_MSGSEND = YES;
				ENABLE_TESTABILITY = YES;
				GCC_C_LANGUAGE_STANDARD = gnu11;
				GCC_DYNAMIC_NO_PIC = NO;
				GCC_NO_COMMON_BLOCKS = YES;
				GCC_OPTIMIZATION_LEVEL = 0;
				GCC_PREPROCESSOR_DEFINITIONS = (
					"DEBUG=1",
					"$(inherited)",
				);
				GCC_WARN_64_TO_32_BIT_CONVERSION = YES;
				GCC_WARN_ABOUT_RETURN_TYPE = YES_ERROR;
				GCC_WARN_UNDECLARED_SELECTOR = YES;
				GCC_WARN_UNINITIALIZED_AUTOS = YES_AGGRESSIVE;
				GCC_WARN_UNUSED_FUNCTION = YES;
				GCC_WARN_UNUSED_VARIABLE = YES;
				IPHONEOS_DEPLOYMENT_TARGET = 16.0;
				MTL_ENABLE_DEBUG_INFO = INCLUDE_SOURCE;
				MTL_FAST_MATH = YES;
				ONLY_ACTIVE_ARCH = YES;
				SDKROOT = iphoneos;
				SWIFT_ACTIVE_COMPILATION_CONDITIONS = DEBUG;
				SWIFT_OPTIMIZATION_LEVEL = "-Onone";
			};
			name = Debug;
		};
		C53DDBD028F42D3000C3C035 /* Release */ = {
			isa = XCBuildConfiguration;
			buildSettings = {
				ALWAYS_SEARCH_USER_PATHS = NO;
				CLANG_ANALYZER_NONNULL = YES;
				CLANG_ANALYZER_NUMBER_OBJECT_CONVERSION = YES_AGGRESSIVE;
				CLANG_CXX_LANGUAGE_STANDARD = "gnu++20";
				CLANG_ENABLE_MODULES = YES;
				CLANG_ENABLE_OBJC_ARC = YES;
				CLANG_ENABLE_OBJC_WEAK = YES;
				CLANG_WARN_BLOCK_CAPTURE_AUTORELEASING = YES;
				CLANG_WARN_BOOL_CONVERSION = YES;
				CLANG_WARN_COMMA = YES;
				CLANG_WARN_CONSTANT_CONVERSION = YES;
				CLANG_WARN_DEPRECATED_OBJC_IMPLEMENTATIONS = YES;
				CLANG_WARN_DIRECT_OBJC_ISA_USAGE = YES_ERROR;
				CLANG_WARN_DOCUMENTATION_COMMENTS = YES;
				CLANG_WARN_EMPTY_BODY = YES;
				CLANG_WARN_ENUM_CONVERSION = YES;
				CLANG_WARN_INFINITE_RECURSION = YES;
				CLANG_WARN_INT_CONVERSION = YES;
				CLANG_WARN_NON_LITERAL_NULL_CONVERSION = YES;
				CLANG_WARN_OBJC_IMPLICIT_RETAIN_SELF = YES;
				CLANG_WARN_OBJC_LITERAL_CONVERSION = YES;
				CLANG_WARN_OBJC_ROOT_CLASS = YES_ERROR;
				CLANG_WARN_QUOTED_INCLUDE_IN_FRAMEWORK_HEADER = YES;
				CLANG_WARN_RANGE_LOOP_ANALYSIS = YES;
				CLANG_WARN_STRICT_PROTOTYPES = YES;
				CLANG_WARN_SUSPICIOUS_MOVE = YES;
				CLANG_WARN_UNGUARDED_AVAILABILITY = YES_AGGRESSIVE;
				CLANG_WARN_UNREACHABLE_CODE = YES;
				CLANG_WARN__DUPLICATE_METHOD_MATCH = YES;
				COPY_PHASE_STRIP = NO;
				DEBUG_INFORMATION_FORMAT = "dwarf-with-dsym";
				ENABLE_NS_ASSERTIONS = NO;
				ENABLE_STRICT_OBJC_MSGSEND = YES;
				GCC_C_LANGUAGE_STANDARD = gnu11;
				GCC_NO_COMMON_BLOCKS = YES;
				GCC_WARN_64_TO_32_BIT_CONVERSION = YES;
				GCC_WARN_ABOUT_RETURN_TYPE = YES_ERROR;
				GCC_WARN_UNDECLARED_SELECTOR = YES;
				GCC_WARN_UNINITIALIZED_AUTOS = YES_AGGRESSIVE;
				GCC_WARN_UNUSED_FUNCTION = YES;
				GCC_WARN_UNUSED_VARIABLE = YES;
				IPHONEOS_DEPLOYMENT_TARGET = 16.0;
				MTL_ENABLE_DEBUG_INFO = NO;
				MTL_FAST_MATH = YES;
				SDKROOT = iphoneos;
				SWIFT_COMPILATION_MODE = wholemodule;
				SWIFT_OPTIMIZATION_LEVEL = "-O";
				VALIDATE_PRODUCT = YES;
			};
			name = Release;
		};
		C53DDBD228F42D3000C3C035 /* Debug */ = {
			isa = XCBuildConfiguration;
			buildSettings = {
				ASSETCATALOG_COMPILER_APPICON_NAME = AppIcon;
				ASSETCATALOG_COMPILER_GLOBAL_ACCENT_COLOR_NAME = AccentColor;
				CODE_SIGN_STYLE = Automatic;
				CURRENT_PROJECT_VERSION = 1;
				DEVELOPMENT_ASSET_PATHS = "\"Animal-africa/Preview Content\"";
				DEVELOPMENT_TEAM = Z43N665JPH;
				ENABLE_PREVIEWS = YES;
				GENERATE_INFOPLIST_FILE = YES;
				INFOPLIST_FILE = "Animal-africa/Info.plist";
				INFOPLIST_KEY_UIApplicationSceneManifest_Generation = YES;
				INFOPLIST_KEY_UIApplicationSupportsIndirectInputEvents = YES;
				INFOPLIST_KEY_UISupportedInterfaceOrientations_iPad = "UIInterfaceOrientationPortrait UIInterfaceOrientationPortraitUpsideDown UIInterfaceOrientationLandscapeLeft UIInterfaceOrientationLandscapeRight";
				INFOPLIST_KEY_UISupportedInterfaceOrientations_iPhone = "UIInterfaceOrientationPortrait UIInterfaceOrientationLandscapeLeft UIInterfaceOrientationLandscapeRight";
				INFOPLIST_KEY_UIUserInterfaceStyle = Dark;
				LD_RUNPATH_SEARCH_PATHS = (
					"$(inherited)",
					"@executable_path/Frameworks",
				);
				MARKETING_VERSION = 1.0;
				PRODUCT_BUNDLE_IDENTIFIER = "com.ajay-chauhan.Animal-africa";
				PRODUCT_NAME = "$(TARGET_NAME)";
				SWIFT_EMIT_LOC_STRINGS = YES;
				SWIFT_VERSION = 5.0;
				TARGETED_DEVICE_FAMILY = "1,2";
			};
			name = Debug;
		};
		C53DDBD328F42D3000C3C035 /* Release */ = {
			isa = XCBuildConfiguration;
			buildSettings = {
				ASSETCATALOG_COMPILER_APPICON_NAME = AppIcon;
				ASSETCATALOG_COMPILER_GLOBAL_ACCENT_COLOR_NAME = AccentColor;
				CODE_SIGN_STYLE = Automatic;
				CURRENT_PROJECT_VERSION = 1;
				DEVELOPMENT_ASSET_PATHS = "\"Animal-africa/Preview Content\"";
				DEVELOPMENT_TEAM = Z43N665JPH;
				ENABLE_PREVIEWS = YES;
				GENERATE_INFOPLIST_FILE = YES;
				INFOPLIST_FILE = "Animal-africa/Info.plist";
				INFOPLIST_KEY_UIApplicationSceneManifest_Generation = YES;
				INFOPLIST_KEY_UIApplicationSupportsIndirectInputEvents = YES;
				INFOPLIST_KEY_UISupportedInterfaceOrientations_iPad = "UIInterfaceOrientationPortrait UIInterfaceOrientationPortraitUpsideDown UIInterfaceOrientationLandscapeLeft UIInterfaceOrientationLandscapeRight";
				INFOPLIST_KEY_UISupportedInterfaceOrientations_iPhone = "UIInterfaceOrientationPortrait UIInterfaceOrientationLandscapeLeft UIInterfaceOrientationLandscapeRight";
				INFOPLIST_KEY_UIUserInterfaceStyle = Dark;
				LD_RUNPATH_SEARCH_PATHS = (
					"$(inherited)",
					"@executable_path/Frameworks",
				);
				MARKETING_VERSION = 1.0;
				PRODUCT_BUNDLE_IDENTIFIER = "com.ajay-chauhan.Animal-africa";
				PRODUCT_NAME = "$(TARGET_NAME)";
				SWIFT_EMIT_LOC_STRINGS = YES;
				SWIFT_VERSION = 5.0;
				TARGETED_DEVICE_FAMILY = "1,2";
			};
			name = Release;
		};
/* End XCBuildConfiguration section */

/* Begin XCConfigurationList section */
		C53DDBBE28F42D2F00C3C035 /* Build configuration list for PBXProject "Animal-africa" */ = {
			isa = XCConfigurationList;
			buildConfigurations = (
				C53DDBCF28F42D3000C3C035 /* Debug */,
				C53DDBD028F42D3000C3C035 /* Release */,
			);
			defaultConfigurationIsVisible = 0;
			defaultConfigurationName = Release;
		};
		C53DDBD128F42D3000C3C035 /* Build configuration list for PBXNativeTarget "Animal-africa" */ = {
			isa = XCConfigurationList;
			buildConfigurations = (
				C53DDBD228F42D3000C3C035 /* Debug */,
				C53DDBD328F42D3000C3C035 /* Release */,
			);
			defaultConfigurationIsVisible = 0;
			defaultConfigurationName = Release;
		};
/* End XCConfigurationList section */
	};
	rootObject = C53DDBBB28F42D2F00C3C035 /* Project object */;
}
